// !$*UTF8*$!
{
	archiveVersion = 1;
	classes = {
	};
	objectVersion = 46;
	objects = {

/* Begin PBXBuildFile section */
		13118BD71971B3A6006146BD /* AppDelegate.swift in Sources */ = {isa = PBXBuildFile; fileRef = 13118BD61971B3A6006146BD /* AppDelegate.swift */; };
		13118BD91971B3A6006146BD /* ViewController.swift in Sources */ = {isa = PBXBuildFile; fileRef = 13118BD81971B3A6006146BD /* ViewController.swift */; };
		13118BDC1971B3A6006146BD /* Main.storyboard in Resources */ = {isa = PBXBuildFile; fileRef = 13118BDA1971B3A6006146BD /* Main.storyboard */; };
		13118BDE1971B3A6006146BD /* Images.xcassets in Resources */ = {isa = PBXBuildFile; fileRef = 13118BDD1971B3A6006146BD /* Images.xcassets */; };
		13118BEA1971B3A6006146BD /* MapTableSwiftTests.swift in Sources */ = {isa = PBXBuildFile; fileRef = 13118BE91971B3A6006146BD /* MapTableSwiftTests.swift */; };
		13118BF41971B41C006146BD /* Places.plist in Resources */ = {isa = PBXBuildFile; fileRef = 13118BF31971B41C006146BD /* Places.plist */; };
		13118BF61971B42F006146BD /* Place.swift in Sources */ = {isa = PBXBuildFile; fileRef = 13118BF51971B42F006146BD /* Place.swift */; };
		13118BF81971B4EB006146BD /* MapViewController.swift in Sources */ = {isa = PBXBuildFile; fileRef = 13118BF71971B4EB006146BD /* MapViewController.swift */; };
/* End PBXBuildFile section */

/* Begin PBXContainerItemProxy section */
		13118BE41971B3A6006146BD /* PBXContainerItemProxy */ = {
			isa = PBXContainerItemProxy;
			containerPortal = 13118BC91971B3A6006146BD /* Project object */;
			proxyType = 1;
			remoteGlobalIDString = 13118BD01971B3A6006146BD;
			remoteInfo = MapTableSwift;
		};
/* End PBXContainerItemProxy section */

/* Begin PBXFileReference section */
		13118BD11971B3A6006146BD /* MapTableSwift.app */ = {isa = PBXFileReference; explicitFileType = wrapper.application; includeInIndex = 0; path = MapTableSwift.app; sourceTree = BUILT_PRODUCTS_DIR; };
		13118BD51971B3A6006146BD /* Info.plist */ = {isa = PBXFileReference; lastKnownFileType = text.plist.xml; path = Info.plist; sourceTree = "<group>"; };
		13118BD61971B3A6006146BD /* AppDelegate.swift */ = {isa = PBXFileReference; lastKnownFileType = sourcecode.swift; path = AppDelegate.swift; sourceTree = "<group>"; };
		13118BD81971B3A6006146BD /* ViewController.swift */ = {isa = PBXFileReference; lastKnownFileType = sourcecode.swift; path = ViewController.swift; sourceTree = "<group>"; };
		13118BDB1971B3A6006146BD /* Base */ = {isa = PBXFileReference; lastKnownFileType = file.storyboard; name = Base; path = Base.lproj/Main.storyboard; sourceTree = "<group>"; };
		13118BDD1971B3A6006146BD /* Images.xcassets */ = {isa = PBXFileReference; lastKnownFileType = folder.assetcatalog; path = Images.xcassets; sourceTree = "<group>"; };
		13118BE31971B3A6006146BD /* MapTableSwiftTests.xctest */ = {isa = PBXFileReference; explicitFileType = wrapper.cfbundle; includeInIndex = 0; path = MapTableSwiftTests.xctest; sourceTree = BUILT_PRODUCTS_DIR; };
		13118BE81971B3A6006146BD /* Info.plist */ = {isa = PBXFileReference; lastKnownFileType = text.plist.xml; path = Info.plist; sourceTree = "<group>"; };
		13118BE91971B3A6006146BD /* MapTableSwiftTests.swift */ = {isa = PBXFileReference; lastKnownFileType = sourcecode.swift; path = MapTableSwiftTests.swift; sourceTree = "<group>"; };
		13118BF31971B41C006146BD /* Places.plist */ = {isa = PBXFileReference; fileEncoding = 4; lastKnownFileType = text.plist.xml; path = Places.plist; sourceTree = "<group>"; };
		13118BF51971B42F006146BD /* Place.swift */ = {isa = PBXFileReference; fileEncoding = 4; lastKnownFileType = sourcecode.swift; path = Place.swift; sourceTree = "<group>"; };
		13118BF71971B4EB006146BD /* MapViewController.swift */ = {isa = PBXFileReference; fileEncoding = 4; lastKnownFileType = sourcecode.swift; path = MapViewController.swift; sourceTree = "<group>"; };
/* End PBXFileReference section */

/* Begin PBXFrameworksBuildPhase section */
		13118BCE1971B3A6006146BD /* Frameworks */ = {
			isa = PBXFrameworksBuildPhase;
			buildActionMask = 2147483647;
			files = (
			);
			runOnlyForDeploymentPostprocessing = 0;
		};
		13118BE01971B3A6006146BD /* Frameworks */ = {
			isa = PBXFrameworksBuildPhase;
			buildActionMask = 2147483647;
			files = (
			);
			runOnlyForDeploymentPostprocessing = 0;
		};
/* End PBXFrameworksBuildPhase section */

/* Begin PBXGroup section */
		13118BC81971B3A6006146BD = {
			isa = PBXGroup;
			children = (
				13118BD31971B3A6006146BD /* MapTableSwift */,
				13118BE61971B3A6006146BD /* MapTableSwiftTests */,
				13118BD21971B3A6006146BD /* Products */,
			);
			sourceTree = "<group>";
		};
		13118BD21971B3A6006146BD /* Products */ = {
			isa = PBXGroup;
			children = (
				13118BD11971B3A6006146BD /* MapTableSwift.app */,
				13118BE31971B3A6006146BD /* MapTableSwiftTests.xctest */,
			);
			name = Products;
			sourceTree = "<group>";
		};
		13118BD31971B3A6006146BD /* MapTableSwift */ = {
			isa = PBXGroup;
			children = (
				13118BF31971B41C006146BD /* Places.plist */,
				13118BD61971B3A6006146BD /* AppDelegate.swift */,
				13118BD81971B3A6006146BD /* ViewController.swift */,
				13118BF71971B4EB006146BD /* MapViewController.swift */,
				13118BDA1971B3A6006146BD /* Main.storyboard */,
				13118BDD1971B3A6006146BD /* Images.xcassets */,
				13118BD41971B3A6006146BD /* Supporting Files */,
				13118BF51971B42F006146BD /* Place.swift */,
			);
			path = MapTableSwift;
			sourceTree = "<group>";
		};
		13118BD41971B3A6006146BD /* Supporting Files */ = {
			isa = PBXGroup;
			children = (
				13118BD51971B3A6006146BD /* Info.plist */,
			);
			name = "Supporting Files";
			sourceTree = "<group>";
		};
		13118BE61971B3A6006146BD /* MapTableSwiftTests */ = {
			isa = PBXGroup;
			children = (
				13118BE91971B3A6006146BD /* MapTableSwiftTests.swift */,
				13118BE71971B3A6006146BD /* Supporting Files */,
			);
			path = MapTableSwiftTests;
			sourceTree = "<group>";
		};
		13118BE71971B3A6006146BD /* Supporting Files */ = {
			isa = PBXGroup;
			children = (
				13118BE81971B3A6006146BD /* Info.plist */,
			);
			name = "Supporting Files";
			sourceTree = "<group>";
		};
/* End PBXGroup section */

/* Begin PBXNativeTarget section */
		13118BD01971B3A6006146BD /* MapTableSwift */ = {
			isa = PBXNativeTarget;
			buildConfigurationList = 13118BED1971B3A6006146BD /* Build configuration list for PBXNativeTarget "MapTableSwift" */;
			buildPhases = (
				13118BCD1971B3A6006146BD /* Sources */,
				13118BCE1971B3A6006146BD /* Frameworks */,
				13118BCF1971B3A6006146BD /* Resources */,
			);
			buildRules = (
			);
			dependencies = (
			);
			name = MapTableSwift;
			productName = MapTableSwift;
			productReference = 13118BD11971B3A6006146BD /* MapTableSwift.app */;
			productType = "com.apple.product-type.application";
		};
		13118BE21971B3A6006146BD /* MapTableSwiftTests */ = {
			isa = PBXNativeTarget;
			buildConfigurationList = 13118BF01971B3A6006146BD /* Build configuration list for PBXNativeTarget "MapTableSwiftTests" */;
			buildPhases = (
				13118BDF1971B3A6006146BD /* Sources */,
				13118BE01971B3A6006146BD /* Frameworks */,
				13118BE11971B3A6006146BD /* Resources */,
			);
			buildRules = (
			);
			dependencies = (
				13118BE51971B3A6006146BD /* PBXTargetDependency */,
			);
			name = MapTableSwiftTests;
			productName = MapTableSwiftTests;
			productReference = 13118BE31971B3A6006146BD /* MapTableSwiftTests.xctest */;
			productType = "com.apple.product-type.bundle.unit-test";
		};
/* End PBXNativeTarget section */

/* Begin PBXProject section */
		13118BC91971B3A6006146BD /* Project object */ = {
			isa = PBXProject;
			attributes = {
				LastUpgradeCheck = 0600;
				ORGANIZATIONNAME = "iOS Coding Lab";
				TargetAttributes = {
					13118BD01971B3A6006146BD = {
						CreatedOnToolsVersion = 6.0;
					};
					13118BE21971B3A6006146BD = {
						CreatedOnToolsVersion = 6.0;
						TestTargetID = 13118BD01971B3A6006146BD;
					};
				};
			};
			buildConfigurationList = 13118BCC1971B3A6006146BD /* Build configuration list for PBXProject "MapTableSwift" */;
			compatibilityVersion = "Xcode 3.2";
			developmentRegion = English;
			hasScannedForEncodings = 0;
			knownRegions = (
				en,
				Base,
			);
			mainGroup = 13118BC81971B3A6006146BD;
			productRefGroup = 13118BD21971B3A6006146BD /* Products */;
			projectDirPath = "";
			projectRoot = "";
			targets = (
				13118BD01971B3A6006146BD /* MapTableSwift */,
				13118BE21971B3A6006146BD /* MapTableSwiftTests */,
			);
		};
/* End PBXProject section */

/* Begin PBXResourcesBuildPhase section */
		13118BCF1971B3A6006146BD /* Resources */ = {
			isa = PBXResourcesBuildPhase;
			buildActionMask = 2147483647;
			files = (
				13118BDC1971B3A6006146BD /* Main.storyboard in Resources */,
				13118BF41971B41C006146BD /* Places.plist in Resources */,
				13118BDE1971B3A6006146BD /* Images.xcassets in Resources */,
			);
			runOnlyForDeploymentPostprocessing = 0;
		};
		13118BE11971B3A6006146BD /* Resources */ = {
			isa = PBXResourcesBuildPhase;
			buildActionMask = 2147483647;
			files = (
			);
			runOnlyForDeploymentPostprocessing = 0;
		};
/* End PBXResourcesBuildPhase section */

/* Begin PBXSourcesBuildPhase section */
		13118BCD1971B3A6006146BD /* Sources */ = {
			isa = PBXSourcesBuildPhase;
			buildActionMask = 2147483647;
			files = (
				13118BF61971B42F006146BD /* Place.swift in Sources */,
				13118BD91971B3A6006146BD /* ViewController.swift in Sources */,
				13118BD71971B3A6006146BD /* AppDelegate.swift in Sources */,
				13118BF81971B4EB006146BD /* MapViewController.swift in Sources */,
			);
			runOnlyForDeploymentPostprocessing = 0;
		};
		13118BDF1971B3A6006146BD /* Sources */ = {
			isa = PBXSourcesBuildPhase;
			buildActionMask = 2147483647;
			files = (
				13118BEA1971B3A6006146BD /* MapTableSwiftTests.swift in Sources */,
			);
			runOnlyForDeploymentPostprocessing = 0;
		};
/* End PBXSourcesBuildPhase section */

/* Begin PBXTargetDependency section */
		13118BE51971B3A6006146BD /* PBXTargetDependency */ = {
			isa = PBXTargetDependency;
			target = 13118BD01971B3A6006146BD /* MapTableSwift */;
			targetProxy = 13118BE41971B3A6006146BD /* PBXContainerItemProxy */;
		};
/* End PBXTargetDependency section */

/* Begin PBXVariantGroup section */
		13118BDA1971B3A6006146BD /* Main.storyboard */ = {
			isa = PBXVariantGroup;
			children = (
				13118BDB1971B3A6006146BD /* Base */,
			);
			name = Main.storyboard;
			sourceTree = "<group>";
		};
/* End PBXVariantGroup section */

/* Begin XCBuildConfiguration section */
		13118BEB1971B3A6006146BD /* Debug */ = {
			isa = XCBuildConfiguration;
			buildSettings = {
				ALWAYS_SEARCH_USER_PATHS = NO;
				CLANG_CXX_LANGUAGE_STANDARD = "gnu++0x";
				CLANG_CXX_LIBRARY = "libc++";
				CLANG_ENABLE_MODULES = YES;
				CLANG_ENABLE_OBJC_ARC = YES;
				CLANG_WARN_BOOL_CONVERSION = YES;
				CLANG_WARN_CONSTANT_CONVERSION = YES;
				CLANG_WARN_DIRECT_OBJC_ISA_USAGE = YES_ERROR;
				CLANG_WARN_EMPTY_BODY = YES;
				CLANG_WARN_ENUM_CONVERSION = YES;
				CLANG_WARN_INT_CONVERSION = YES;
				CLANG_WARN_OBJC_ROOT_CLASS = YES_ERROR;
				CLANG_WARN_UNREACHABLE_CODE = YES;
				CLANG_WARN__DUPLICATE_METHOD_MATCH = YES;
				"CODE_SIGN_IDENTITY[sdk=iphoneos*]" = "iPhone Developer";
				COPY_PHASE_STRIP = NO;
				ENABLE_STRICT_OBJC_MSGSEND = YES;
				GCC_C_LANGUAGE_STANDARD = gnu99;
				GCC_DYNAMIC_NO_PIC = NO;
				GCC_OPTIMIZATION_LEVEL = 0;
				GCC_PREPROCESSOR_DEFINITIONS = (
					"DEBUG=1",
					"$(inherited)",
				);
				GCC_SYMBOLS_PRIVATE_EXTERN = NO;
				GCC_WARN_64_TO_32_BIT_CONVERSION = YES;
				GCC_WARN_ABOUT_RETURN_TYPE = YES_ERROR;
				GCC_WARN_UNDECLARED_SELECTOR = YES;
				GCC_WARN_UNINITIALIZED_AUTOS = YES_AGGRESSIVE;
				GCC_WARN_UNUSED_FUNCTION = YES;
				GCC_WARN_UNUSED_VARIABLE = YES;
				IPHONEOS_DEPLOYMENT_TARGET = 8.0;
				METAL_ENABLE_DEBUG_INFO = YES;
				ONLY_ACTIVE_ARCH = YES;
				SDKROOT = iphoneos;
				SWIFT_OPTIMIZATION_LEVEL = "-Onone";
				TARGETED_DEVICE_FAMILY = "1,2";
			};
			name = Debug;
		};
		13118BEC1971B3A6006146BD /* Release */ = {
			isa = XCBuildConfiguration;
			buildSettings = {
				ALWAYS_SEARCH_USER_PATHS = NO;
				CLANG_CXX_LANGUAGE_STANDARD = "gnu++0x";
				CLANG_CXX_LIBRARY = "libc++";
				CLANG_ENABLE_MODULES = YES;
				CLANG_ENABLE_OBJC_ARC = YES;
				CLANG_WARN_BOOL_CONVERSION = YES;
				CLANG_WARN_CONSTANT_CONVERSION = YES;
				CLANG_WARN_DIRECT_OBJC_ISA_USAGE = YES_ERROR;
				CLANG_WARN_EMPTY_BODY = YES;
				CLANG_WARN_ENUM_CONVERSION = YES;
				CLANG_WARN_INT_CONVERSION = YES;
				CLANG_WARN_OBJC_ROOT_CLASS = YES_ERROR;
				CLANG_WARN_UNREACHABLE_CODE = YES;
				CLANG_WARN__DUPLICATE_METHOD_MATCH = YES;
				"CODE_SIGN_IDENTITY[sdk=iphoneos*]" = "iPhone Developer";
				COPY_PHASE_STRIP = YES;
				ENABLE_NS_ASSERTIONS = NO;
				ENABLE_STRICT_OBJC_MSGSEND = YES;
				GCC_C_LANGUAGE_STANDARD = gnu99;
				GCC_WARN_64_TO_32_BIT_CONVERSION = YES;
				GCC_WARN_ABOUT_RETURN_TYPE = YES_ERROR;
				GCC_WARN_UNDECLARED_SELECTOR = YES;
				GCC_WARN_UNINITIALIZED_AUTOS = YES_AGGRESSIVE;
				GCC_WARN_UNUSED_FUNCTION = YES;
				GCC_WARN_UNUSED_VARIABLE = YES;
				IPHONEOS_DEPLOYMENT_TARGET = 8.0;
				METAL_ENABLE_DEBUG_INFO = NO;
				SDKROOT = iphoneos;
				TARGETED_DEVICE_FAMILY = "1,2";
				VALIDATE_PRODUCT = YES;
			};
			name = Release;
		};
		13118BEE1971B3A6006146BD /* Debug */ = {
			isa = XCBuildConfiguration;
			buildSettings = {
				ASSETCATALOG_COMPILER_APPICON_NAME = AppIcon;
				ASSETCATALOG_COMPILER_LAUNCHIMAGE_NAME = LaunchImage;
				INFOPLIST_FILE = MapTableSwift/Info.plist;
				LD_RUNPATH_SEARCH_PATHS = "$(inherited) @executable_path/Frameworks";
				PRODUCT_NAME = "$(TARGET_NAME)";
			};
			name = Debug;
		};
		13118BEF1971B3A6006146BD /* Release */ = {
			isa = XCBuildConfiguration;
			buildSettings = {
				ASSETCATALOG_COMPILER_APPICON_NAME = AppIcon;
				ASSETCATALOG_COMPILER_LAUNCHIMAGE_NAME = LaunchImage;
				INFOPLIST_FILE = MapTableSwift/Info.plist;
				LD_RUNPATH_SEARCH_PATHS = "$(inherited) @executable_path/Frameworks";
				PRODUCT_NAME = "$(TARGET_NAME)";
			};
			name = Release;
		};
		13118BF11971B3A6006146BD /* Debug */ = {
			isa = XCBuildConfiguration;
			buildSettings = {
				BUNDLE_LOADER = "$(BUILT_PRODUCTS_DIR)/MapTableSwift.app/MapTableSwift";
				FRAMEWORK_SEARCH_PATHS = (
					"$(SDKROOT)/Developer/Library/Frameworks",
					"$(inherited)",
				);
				GCC_PREPROCESSOR_DEFINITIONS = (
					"DEBUG=1",
					"$(inherited)",
				);
				INFOPLIST_FILE = MapTableSwiftTests/Info.plist;
				LD_RUNPATH_SEARCH_PATHS = "$(inherited) @executable_path/Frameworks @loader_path/Frameworks";
				METAL_ENABLE_DEBUG_INFO = YES;
				PRODUCT_NAME = "$(TARGET_NAME)";
				TEST_HOST = "$(BUNDLE_LOADER)";
			};
			name = Debug;
		};
		13118BF21971B3A6006146BD /* Release */ = {
			isa = XCBuildConfiguration;
			buildSettings = {
				BUNDLE_LOADER = "$(BUILT_PRODUCTS_DIR)/MapTableSwift.app/MapTableSwift";
				FRAMEWORK_SEARCH_PATHS = (
					"$(SDKROOT)/Developer/Library/Frameworks",
					"$(inherited)",
				);
				INFOPLIST_FILE = MapTableSwiftTests/Info.plist;
				LD_RUNPATH_SEARCH_PATHS = "$(inherited) @executable_path/Frameworks @loader_path/Frameworks";
				METAL_ENABLE_DEBUG_INFO = NO;
				PRODUCT_NAME = "$(TARGET_NAME)";
				TEST_HOST = "$(BUNDLE_LOADER)";
			};
			name = Release;
		};
/* End XCBuildConfiguration section */

/* Begin XCConfigurationList section */
		13118BCC1971B3A6006146BD /* Build configuration list for PBXProject "MapTableSwift" */ = {
			isa = XCConfigurationList;
			buildConfigurations = (
				13118BEB1971B3A6006146BD /* Debug */,
				13118BEC1971B3A6006146BD /* Release */,
			);
			defaultConfigurationIsVisible = 0;
			defaultConfigurationName = Release;
		};
		13118BED1971B3A6006146BD /* Build configuration list for PBXNativeTarget "MapTableSwift" */ = {
			isa = XCConfigurationList;
			buildConfigurations = (
				13118BEE1971B3A6006146BD /* Debug */,
				13118BEF1971B3A6006146BD /* Release */,
			);
			defaultConfigurationIsVisible = 0;
		};
		13118BF01971B3A6006146BD /* Build configuration list for PBXNativeTarget "MapTableSwiftTests" */ = {
			isa = XCConfigurationList;
			buildConfigurations = (
				13118BF11971B3A6006146BD /* Debug */,
				13118BF21971B3A6006146BD /* Release */,
			);
			defaultConfigurationIsVisible = 0;
		};
/* End XCConfigurationList section */
	};
	rootObject = 13118BC91971B3A6006146BD /* Project object */;
}
